{
  "name": "hatch-automata",
  "version": "1.0.0",
  "lockfileVersion": 1,
  "requires": true,
  "dependencies": {
    "@types/estree": {
      "version": "0.0.39",
      "resolved": "https://registry.npmjs.org/@types/estree/-/estree-0.0.39.tgz",
      "integrity": "sha512-EYNwp3bU+98cpU4lAWYYL7Zz+2gryWH1qbdDTidVd6hkiR6weksdbMadyXKXNPEkQFhXM+hVO9ZygomHXp+AIw==",
      "dev": true
    },
    "@types/node": {
      "version": "12.12.21",
      "resolved": "https://registry.npmjs.org/@types/node/-/node-12.12.21.tgz",
      "integrity": "sha512-8sRGhbpU+ck1n0PGAUgVrWrWdjSW2aqNeyC15W88GRsMpSwzv6RJGlLhE7s2RhVSOdyDmxbqlWSeThq4/7xqlA==",
      "dev": true
    },
    "builtin-modules": {
      "version": "2.0.0",
      "resolved": "https://registry.npmjs.org/builtin-modules/-/builtin-modules-2.0.0.tgz",
      "integrity": "sha512-3U5kUA5VPsRUA3nofm/BXX7GVHKfxz0hOBAPxXrIvHzlDRkQVqEn6yi8QJegxl4LzOHLdvb7XF5dVawa/VVYBg==",
      "dev": true
    },
    "chromotome": {
      "version": "1.16.1",
      "resolved": "https://registry.npmjs.org/chromotome/-/chromotome-1.16.1.tgz",
      "integrity": "sha512-GCttOCZAl39OCQayHIih8g4D9PFD1/fv/OAiskn80AbN8CZpC/E53LJRxJdwAusPl4k4epvDZmniyxwlAsUPqw=="
    },
    "dat.gui": {
      "version": "0.7.6",
      "resolved": "https://registry.npmjs.org/dat.gui/-/dat.gui-0.7.6.tgz",
      "integrity": "sha512-9Uqr4aQUvp9q5P2b4y6gK604HXafubOq578OmOS8mjrIkYrBP4EbQ9gz9YRXgyPh7aQi+b9H/jAG7EucmhYpSA=="
    },
    "is-module": {
      "version": "1.0.0",
      "resolved": "https://registry.npmjs.org/is-module/-/is-module-1.0.0.tgz",
      "integrity": "sha1-Mlj7afeMFNW4FdZkM2tM/7ZEFZE=",
      "dev": true
    },
    "isometric-automata": {
      "version": "2.0.2",
      "resolved": "https://registry.npmjs.org/isometric-automata/-/isometric-automata-2.0.2.tgz",
      "integrity": "sha512-RnXNa9KDWf0rWGdDyXRFdnHVpD1LDLALhh+F59Y/ITku8UzaGvgI5TFXFdvomffhA2Yy6zDYiY1w2rwqkQM0yw==",
      "requires": {
        "cellular-automata-generator": "^1.0.0",
        "seed-random": "^2.2.0"
      }
    },
    "path-parse": {
      "version": "1.0.6",
      "resolved": "https://registry.npmjs.org/path-parse/-/path-parse-1.0.6.tgz",
      "integrity": "sha512-GSmOT2EbHrINBf9SR7CDELwlJ8AENk3Qn7OikK4nFYAu3Ote2+JYNVvkpAEQm3/TLNEJFD/xZJjzyxg3KBWOzw==",
      "dev": true
    },
    "resolve": {
      "version": "1.14.1",
      "resolved": "https://registry.npmjs.org/resolve/-/resolve-1.14.1.tgz",
      "integrity": "sha512-fn5Wobh4cxbLzuHaE+nphztHy43/b++4M6SsGFC2gB8uYwf0C8LcarfCz1un7UTW8OFQg9iNjZ4xpcFVGebDPg==",
      "dev": true,
      "requires": {
        "path-parse": "^1.0.6"
      }
    },
    "rollup": {
      "version": "0.67.4",
      "resolved": "https://registry.npmjs.org/rollup/-/rollup-0.67.4.tgz",
      "integrity": "sha512-AVuP73mkb4BBMUmksQ3Jw0jTrBTU1i7rLiUYjFxLZGb3xiFmtVEg40oByphkZAsiL0bJC3hRAJUQos/e5EBd+w==",
      "dev": true,
      "requires": {
        "@types/estree": "0.0.39",
        "@types/node": "*"
      }
    },
    "rollup-plugin-node-resolve": {
      "version": "3.4.0",
      "resolved": "https://registry.npmjs.org/rollup-plugin-node-resolve/-/rollup-plugin-node-resolve-3.4.0.tgz",
      "integrity": "sha512-PJcd85dxfSBWih84ozRtBkB731OjXk0KnzN0oGp7WOWcarAFkVa71cV5hTJg2qpVsV2U8EUwrzHP3tvy9vS3qg==",
      "dev": true,
      "requires": {
        "builtin-modules": "^2.0.0",
        "is-module": "^1.0.0",
        "resolve": "^1.1.6"
      }
    },
    "seed-random": {
      "version": "2.2.0",
      "resolved": "https://registry.npmjs.org/seed-random/-/seed-random-2.2.0.tgz",
      "integrity": "sha1-KpsZ4lCoFwmSMaW5mk2vgLf77VQ="
    }
  }
}
